// !$*UTF8*$!
{
	archiveVersion = 1;
	classes = {
	};
	objectVersion = 46;
	objects = {

/* Begin PBXBuildFile section */
		E72B66D018F0E30C004617FC /* main.cpp in Sources */ = {isa = PBXBuildFile; fileRef = E72B66BA18F0C909004617FC /* main.cpp */; };
/* End PBXBuildFile section */

/* Begin PBXCopyFilesBuildPhase section */
		E72B66C418F0E2C3004617FC /* CopyFiles */ = {
			isa = PBXCopyFilesBuildPhase;
			buildActionMask = 2147483647;
			dstPath = /usr/share/man/man1/;
			dstSubfolderSpec = 0;
			files = (
			);
			runOnlyForDeploymentPostprocessing = 1;
		};
/* End PBXCopyFilesBuildPhase section */

/* Begin PBXFileReference section */
		E72B66B318F0C909004617FC /* alu.cpp */ = {isa = PBXFileReference; lastKnownFileType = sourcecode.cpp.cpp; path = alu.cpp; sourceTree = "<group>"; };
		E72B66B418F0C909004617FC /* alu.h */ = {isa = PBXFileReference; lastKnownFileType = sourcecode.c.h; path = alu.h; sourceTree = "<group>"; };
		E72B66B718F0C909004617FC /* CMakeLists.txt */ = {isa = PBXFileReference; lastKnownFileType = text; path = CMakeLists.txt; sourceTree = "<group>"; };
		E72B66B818F0C909004617FC /* computer.h */ = {isa = PBXFileReference; lastKnownFileType = sourcecode.c.h; path = computer.h; sourceTree = "<group>"; };
		E72B66B918F0C909004617FC /* fpu.h */ = {isa = PBXFileReference; lastKnownFileType = sourcecode.c.h; path = fpu.h; sourceTree = "<group>"; };
		E72B66BA18F0C909004617FC /* main.cpp */ = {isa = PBXFileReference; lastKnownFileType = sourcecode.cpp.cpp; path = main.cpp; sourceTree = "<group>"; };
		E72B66BB18F0C909004617FC /* memory.h */ = {isa = PBXFileReference; lastKnownFileType = sourcecode.c.h; path = memory.h; sourceTree = "<group>"; };
		E72B66BC18F0C909004617FC /* registerfile.h */ = {isa = PBXFileReference; lastKnownFileType = sourcecode.c.h; path = registerfile.h; sourceTree = "<group>"; };
		E72B66BD18F0CA8C004617FC /* fpu.cpp */ = {isa = PBXFileReference; lastKnownFileType = sourcecode.cpp.cpp; path = fpu.cpp; sourceTree = "<group>"; };
		E72B66BE18F0CCB7004617FC /* StrawberryTau.kdev4 */ = {isa = PBXFileReference; lastKnownFileType = text; path = StrawberryTau.kdev4; sourceTree = "<group>"; };
		E72B66BF18F0D64E004617FC /* memory.cpp */ = {isa = PBXFileReference; lastKnownFileType = sourcecode.cpp.cpp; path = memory.cpp; sourceTree = "<group>"; };
		E72B66C018F0D65A004617FC /* registerfile.cpp */ = {isa = PBXFileReference; lastKnownFileType = sourcecode.cpp.cpp; path = registerfile.cpp; sourceTree = "<group>"; };
		E72B66C118F0D685004617FC /* computer.cpp */ = {isa = PBXFileReference; lastKnownFileType = sourcecode.cpp.cpp; path = computer.cpp; sourceTree = "<group>"; };
		E72B66C618F0E2C3004617FC /* Strawberry Tau */ = {isa = PBXFileReference; explicitFileType = "compiled.mach-o.executable"; includeInIndex = 0; path = "Strawberry Tau"; sourceTree = BUILT_PRODUCTS_DIR; };
/* End PBXFileReference section */

/* Begin PBXFrameworksBuildPhase section */
		E72B66C318F0E2C3004617FC /* Frameworks */ = {
			isa = PBXFrameworksBuildPhase;
			buildActionMask = 2147483647;
			files = (
			);
			runOnlyForDeploymentPostprocessing = 0;
		};
/* End PBXFrameworksBuildPhase section */

/* Begin PBXGroup section */
		E72B66AC18F0C8ED004617FC = {
			isa = PBXGroup;
			children = (
				E72B66BE18F0CCB7004617FC /* StrawberryTau.kdev4 */,
				E72B66B318F0C909004617FC /* alu.cpp */,
				E72B66B418F0C909004617FC /* alu.h */,
				E72B66B718F0C909004617FC /* CMakeLists.txt */,
				E72B66B818F0C909004617FC /* computer.h */,
				E72B66C118F0D685004617FC /* computer.cpp */,
				E72B66B918F0C909004617FC /* fpu.h */,
				E72B66BD18F0CA8C004617FC /* fpu.cpp */,
				E72B66BA18F0C909004617FC /* main.cpp */,
				E72B66BB18F0C909004617FC /* memory.h */,
				E72B66BF18F0D64E004617FC /* memory.cpp */,
				E72B66BC18F0C909004617FC /* registerfile.h */,
				E72B66C018F0D65A004617FC /* registerfile.cpp */,
				E72B66C718F0E2C3004617FC /* Products */,
			);
			sourceTree = "<group>";
		};
		E72B66C718F0E2C3004617FC /* Products */ = {
			isa = PBXGroup;
			children = (
				E72B66C618F0E2C3004617FC /* Strawberry Tau */,
			);
			name = Products;
			sourceTree = "<group>";
		};
/* End PBXGroup section */

/* Begin PBXNativeTarget section */
		E72B66C518F0E2C3004617FC /* Strawberry Tau */ = {
			isa = PBXNativeTarget;
			buildConfigurationList = E72B66CD18F0E2C3004617FC /* Build configuration list for PBXNativeTarget "Strawberry Tau" */;
			buildPhases = (
				E72B66C218F0E2C3004617FC /* Sources */,
				E72B66C318F0E2C3004617FC /* Frameworks */,
				E72B66C418F0E2C3004617FC /* CopyFiles */,
			);
			buildRules = (
			);
			dependencies = (
			);
			name = "Strawberry Tau";
			productName = "Strawberry Tau";
			productReference = E72B66C618F0E2C3004617FC /* Strawberry Tau */;
			productType = "com.apple.product-type.tool";
		};
/* End PBXNativeTarget section */

/* Begin PBXProject section */
		E72B66AD18F0C8ED004617FC /* Project object */ = {
			isa = PBXProject;
			attributes = {
				LastUpgradeCheck = 0500;
			};
			buildConfigurationList = E72B66B018F0C8ED004617FC /* Build configuration list for PBXProject "Strawberry Tau" */;
			compatibilityVersion = "Xcode 3.2";
			developmentRegion = English;
			hasScannedForEncodings = 0;
			knownRegions = (
				en,
			);
			mainGroup = E72B66AC18F0C8ED004617FC;
			productRefGroup = E72B66C718F0E2C3004617FC /* Products */;
			projectDirPath = "";
			projectRoot = "";
			targets = (
				E72B66C518F0E2C3004617FC /* Strawberry Tau */,
			);
		};
/* End PBXProject section */

/* Begin PBXSourcesBuildPhase section */
		E72B66C218F0E2C3004617FC /* Sources */ = {
			isa = PBXSourcesBuildPhase;
			buildActionMask = 2147483647;
			files = (
				E72B66D018F0E30C004617FC /* main.cpp in Sources */,
			);
			runOnlyForDeploymentPostprocessing = 0;
		};
/* End PBXSourcesBuildPhase section */

/* Begin XCBuildConfiguration section */
		E72B66B118F0C8ED004617FC /* Debug */ = {
			isa = XCBuildConfiguration;
			buildSettings = {
			};
			name = Debug;
		};
		E72B66B218F0C8ED004617FC /* Release */ = {
			isa = XCBuildConfiguration;
			buildSettings = {
			};
			name = Release;
		};
		E72B66CE18F0E2C3004617FC /* Debug */ = {
			isa = XCBuildConfiguration;
			buildSettings = {
				ALWAYS_SEARCH_USER_PATHS = NO;
				CLANG_CXX_LANGUAGE_STANDARD = "gnu++0x";
				CLANG_CXX_LIBRARY = "compiler-default";
				CLANG_ENABLE_OBJC_ARC = YES;
				CLANG_WARN_BOOL_CONVERSION = YES;
				CLANG_WARN_CONSTANT_CONVERSION = YES;
				CLANG_WARN_DIRECT_OBJC_ISA_USAGE = YES_ERROR;
				CLANG_WARN_EMPTY_BODY = YES;
				CLANG_WARN_ENUM_CONVERSION = YES;
				CLANG_WARN_INT_CONVERSION = YES;
				CLANG_WARN_OBJC_ROOT_CLASS = YES_ERROR;
				CLANG_WARN__DUPLICATE_METHOD_MATCH = YES;
				COPY_PHASE_STRIP = NO;
				GCC_C_LANGUAGE_STANDARD = gnu99;
				GCC_DYNAMIC_NO_PIC = NO;
				GCC_ENABLE_OBJC_EXCEPTIONS = YES;
				GCC_OPTIMIZATION_LEVEL = 0;
				GCC_PREPROCESSOR_DEFINITIONS = (
					"DEBUG=1",
					"$(inherited)",
				);
				GCC_SYMBOLS_PRIVATE_EXTERN = NO;
				GCC_WARN_64_TO_32_BIT_CONVERSION = YES;
				GCC_WARN_ABOUT_RETURN_TYPE = YES_ERROR;
				GCC_WARN_UNDECLARED_SELECTOR = YES;
				GCC_WARN_UNINITIALIZED_AUTOS = YES;
				GCC_WARN_UNUSED_FUNCTION = YES;
				GCC_WARN_UNUSED_VARIABLE = YES;
				MACOSX_DEPLOYMENT_TARGET = 10.9;
				ONLY_ACTIVE_ARCH = YES;
				PRODUCT_NAME = "$(TARGET_NAME)";
				SDKROOT = macosx;
			};
			name = Debug;
		};
		E72B66CF18F0E2C3004617FC /* Release */ = {
			isa = XCBuildConfiguration;
			buildSettings = {
				ALWAYS_SEARCH_USER_PATHS = NO;
				CLANG_CXX_LANGUAGE_STANDARD = "gnu++0x";
				CLANG_CXX_LIBRARY = "compiler-default";
				CLANG_ENABLE_OBJC_ARC = YES;
				CLANG_WARN_BOOL_CONVERSION = YES;
				CLANG_WARN_CONSTANT_CONVERSION = YES;
				CLANG_WARN_DIRECT_OBJC_ISA_USAGE = YES_ERROR;
				CLANG_WARN_EMPTY_BODY = YES;
				CLANG_WARN_ENUM_CONVERSION = YES;
				CLANG_WARN_INT_CONVERSION = YES;
				CLANG_WARN_OBJC_ROOT_CLASS = YES_ERROR;
				CLANG_WARN__DUPLICATE_METHOD_MATCH = YES;
				COPY_PHASE_STRIP = YES;
				DEBUG_INFORMATION_FORMAT = "dwarf-with-dsym";
				ENABLE_NS_ASSERTIONS = NO;
				GCC_C_LANGUAGE_STANDARD = gnu99;
				GCC_ENABLE_OBJC_EXCEPTIONS = YES;
				GCC_WARN_64_TO_32_BIT_CONVERSION = YES;
				GCC_WARN_ABOUT_RETURN_TYPE = YES_ERROR;
				GCC_WARN_UNDECLARED_SELECTOR = YES;
				GCC_WARN_UNINITIALIZED_AUTOS = YES;
				GCC_WARN_UNUSED_FUNCTION = YES;
				GCC_WARN_UNUSED_VARIABLE = YES;
				MACOSX_DEPLOYMENT_TARGET = 10.9;
				PRODUCT_NAME = "$(TARGET_NAME)";
				SDKROOT = macosx;
			};
			name = Release;
		};
/* End XCBuildConfiguration section */

/* Begin XCConfigurationList section */
		E72B66B018F0C8ED004617FC /* Build configuration list for PBXProject "Strawberry Tau" */ = {
			isa = XCConfigurationList;
			buildConfigurations = (
				E72B66B118F0C8ED004617FC /* Debug */,
				E72B66B218F0C8ED004617FC /* Release */,
			);
			defaultConfigurationIsVisible = 0;
			defaultConfigurationName = Release;
		};
		E72B66CD18F0E2C3004617FC /* Build configuration list for PBXNativeTarget "Strawberry Tau" */ = {
			isa = XCConfigurationList;
			buildConfigurations = (
				E72B66CE18F0E2C3004617FC /* Debug */,
				E72B66CF18F0E2C3004617FC /* Release */,
			);
			defaultConfigurationIsVisible = 0;
		};
/* End XCConfigurationList section */
	};
	rootObject = E72B66AD18F0C8ED004617FC /* Project object */;
}
