// !$*UTF8*$!
{
	archiveVersion = 1;
	classes = {
	};
	objectVersion = 46;
	objects = {

/* Begin PBXFileReference section */
		E72B66B318F0C909004617FC /* alu.cpp */ = {isa = PBXFileReference; lastKnownFileType = sourcecode.cpp.cpp; path = alu.cpp; sourceTree = "<group>"; };
		E72B66B418F0C909004617FC /* alu.h */ = {isa = PBXFileReference; lastKnownFileType = sourcecode.c.h; path = alu.h; sourceTree = "<group>"; };
		E72B66B518F0C909004617FC /* circuit.cpp */ = {isa = PBXFileReference; lastKnownFileType = sourcecode.cpp.cpp; path = circuit.cpp; sourceTree = "<group>"; };
		E72B66B618F0C909004617FC /* circuit.h */ = {isa = PBXFileReference; lastKnownFileType = sourcecode.c.h; path = circuit.h; sourceTree = "<group>"; };
		E72B66B718F0C909004617FC /* CMakeLists.txt */ = {isa = PBXFileReference; lastKnownFileType = text; path = CMakeLists.txt; sourceTree = "<group>"; };
		E72B66B818F0C909004617FC /* computer.h */ = {isa = PBXFileReference; lastKnownFileType = sourcecode.c.h; path = computer.h; sourceTree = "<group>"; };
		E72B66B918F0C909004617FC /* fpu.h */ = {isa = PBXFileReference; lastKnownFileType = sourcecode.c.h; path = fpu.h; sourceTree = "<group>"; };
		E72B66BA18F0C909004617FC /* main.cpp */ = {isa = PBXFileReference; lastKnownFileType = sourcecode.cpp.cpp; path = main.cpp; sourceTree = "<group>"; };
		E72B66BB18F0C909004617FC /* memory.h */ = {isa = PBXFileReference; lastKnownFileType = sourcecode.c.h; path = memory.h; sourceTree = "<group>"; };
		E72B66BC18F0C909004617FC /* registerfile.h */ = {isa = PBXFileReference; lastKnownFileType = sourcecode.c.h; path = registerfile.h; sourceTree = "<group>"; };
		E72B66BD18F0CA8C004617FC /* fpu.cpp */ = {isa = PBXFileReference; lastKnownFileType = sourcecode.cpp.cpp; path = fpu.cpp; sourceTree = "<group>"; };
		E72B66BE18F0CCB7004617FC /* StrawberryTau.kdev4 */ = {isa = PBXFileReference; lastKnownFileType = text; path = StrawberryTau.kdev4; sourceTree = "<group>"; };
		E72B66BF18F0D64E004617FC /* memory.cpp */ = {isa = PBXFileReference; lastKnownFileType = sourcecode.cpp.cpp; path = memory.cpp; sourceTree = "<group>"; };
		E72B66C018F0D65A004617FC /* registerfile.cpp */ = {isa = PBXFileReference; lastKnownFileType = sourcecode.cpp.cpp; path = registerfile.cpp; sourceTree = "<group>"; };
		E72B66C118F0D685004617FC /* computer.cpp */ = {isa = PBXFileReference; lastKnownFileType = sourcecode.cpp.cpp; path = computer.cpp; sourceTree = "<group>"; };
/* End PBXFileReference section */

/* Begin PBXGroup section */
		E72B66AC18F0C8ED004617FC = {
			isa = PBXGroup;
			children = (
				E72B66BE18F0CCB7004617FC /* StrawberryTau.kdev4 */,
				E72B66B318F0C909004617FC /* alu.cpp */,
				E72B66B418F0C909004617FC /* alu.h */,
				E72B66B518F0C909004617FC /* circuit.cpp */,
				E72B66B618F0C909004617FC /* circuit.h */,
				E72B66B718F0C909004617FC /* CMakeLists.txt */,
				E72B66B818F0C909004617FC /* computer.h */,
				E72B66C118F0D685004617FC /* computer.cpp */,
				E72B66B918F0C909004617FC /* fpu.h */,
				E72B66BD18F0CA8C004617FC /* fpu.cpp */,
				E72B66BA18F0C909004617FC /* main.cpp */,
				E72B66BB18F0C909004617FC /* memory.h */,
				E72B66BF18F0D64E004617FC /* memory.cpp */,
				E72B66BC18F0C909004617FC /* registerfile.h */,
				E72B66C018F0D65A004617FC /* registerfile.cpp */,
			);
			sourceTree = "<group>";
		};
/* End PBXGroup section */

/* Begin PBXProject section */
		E72B66AD18F0C8ED004617FC /* Project object */ = {
			isa = PBXProject;
			attributes = {
				LastUpgradeCheck = 0500;
			};
			buildConfigurationList = E72B66B018F0C8ED004617FC /* Build configuration list for PBXProject "Strawberry Tau" */;
			compatibilityVersion = "Xcode 3.2";
			developmentRegion = English;
			hasScannedForEncodings = 0;
			knownRegions = (
				en,
			);
			mainGroup = E72B66AC18F0C8ED004617FC;
			projectDirPath = "";
			projectRoot = "";
			targets = (
			);
		};
/* End PBXProject section */

/* Begin XCBuildConfiguration section */
		E72B66B118F0C8ED004617FC /* Debug */ = {
			isa = XCBuildConfiguration;
			buildSettings = {
			};
			name = Debug;
		};
		E72B66B218F0C8ED004617FC /* Release */ = {
			isa = XCBuildConfiguration;
			buildSettings = {
			};
			name = Release;
		};
/* End XCBuildConfiguration section */

/* Begin XCConfigurationList section */
		E72B66B018F0C8ED004617FC /* Build configuration list for PBXProject "Strawberry Tau" */ = {
			isa = XCConfigurationList;
			buildConfigurations = (
				E72B66B118F0C8ED004617FC /* Debug */,
				E72B66B218F0C8ED004617FC /* Release */,
			);
			defaultConfigurationIsVisible = 0;
			defaultConfigurationName = Release;
		};
/* End XCConfigurationList section */
	};
	rootObject = E72B66AD18F0C8ED004617FC /* Project object */;
}
